<?xml version="1.0" encoding="utf-8"?>
<Project ToolsVersion="4.0" xmlns="http://schemas.microsoft.com/developer/msbuild/2003">
  <ItemGroup>
    <Filter Include="TamikaEngine">
      <UniqueIdentifier>{B2FC7103-9E5F-01A8-47E5-395E3327CD2A}</UniqueIdentifier>
    </Filter>
  </ItemGroup>
  <ItemGroup>
    <ClInclude Include="src\TamikaEngine.h" />
    <ClInclude Include="src\TamikaEngine\Application.h">
      <Filter>TamikaEngine</Filter>
    </ClInclude>
    <ClInclude Include="src\TamikaEngine\Core.h">
      <Filter>TamikaEngine</Filter>
    </ClInclude>
    <ClInclude Include="src\TamikaEngine\EntryPoint.h">
      <Filter>TamikaEngine</Filter>
    </ClInclude>
    <ClInclude Include="src\TamikaEngine\Log.h">
      <Filter>TamikaEngine</Filter>
    </ClInclude>
  </ItemGroup>
  <ItemGroup>
    <ClCompile Include="src\TamikaEngine\Application.cpp">
      <Filter>TamikaEngine</Filter>
    </ClCompile>
    <ClCompile Include="src\TamikaEngine\Log.cpp">
      <Filter>TamikaEngine</Filter>
    </ClCompile>
  </ItemGroup>
</Project>